
Microsoft Visual Studio Solution File, Format Version 12.00
# Visual Studio Version 17
VisualStudioVersion = 17.5.002.0
MinimumVisualStudioVersion = 10.0.40219.1
Project("{9A19103F-16F7-4668-BE54-9A1E7A4F7556}") = "App2", "App2.csproj", "{6B81D04A-FFBC-4D54-8A6C-425E63FFDB1D}"
EndProject
Global
	GlobalSection(SolutionConfigurationPlatforms) = preSolution
		Debug|Any CPU = Debug|Any CPU
		Release|Any CPU = Release|Any CPU
	EndGlobalSection
	GlobalSection(ProjectConfigurationPlatforms) = postSolution
		{6B81D04A-FFBC-4D54-8A6C-425E63FFDB1D}.Debug|Any CPU.ActiveCfg = Debug|Any CPU
		{6B81D04A-FFBC-4D54-8A6C-425E63FFDB1D}.Debug|Any CPU.Build.0 = Debug|Any CPU
		{6B81D04A-FFBC-4D54-8A6C-425E63FFDB1D}.Release|Any CPU.ActiveCfg = Release|Any CPU
		{6B81D04A-FFBC-4D54-8A6C-425E63FFDB1D}.Release|Any CPU.Build.0 = Release|Any CPU
	EndGlobalSection
	GlobalSection(SolutionProperties) = preSolution
		HideSolutionNode = FALSE
	EndGlobalSection
	GlobalSection(ExtensibilityGlobals) = postSolution
		SolutionGuid = {D9897286-DB49-4FF5-BB93-7834F4AFE326}
	EndGlobalSection
EndGlobal
