
Microsoft Visual Studio Solution File, Format Version 12.00
# Visual Studio Version 17
VisualStudioVersion = 17.0.31903.59
MinimumVisualStudioVersion = 10.0.40219.1
Project("{FAE04EC0-301F-11D3-BF4B-00C04F79EFBC}") = "App1", "App1\App1.csproj", "{4D262FA9-4BE5-4614-A1BC-A60F4784D2E6}"
EndProject
Project("{FAE04EC0-301F-11D3-BF4B-00C04F79EFBC}") = "App2", "App2\App2.csproj", "{130D428C-46D1-43FD-B63B-92F553DAE6BA}"
EndProject
Global
	GlobalSection(SolutionConfigurationPlatforms) = preSolution
		Debug|Any CPU = Debug|Any CPU
		Release|Any CPU = Release|Any CPU
	EndGlobalSection
	GlobalSection(SolutionProperties) = preSolution
		HideSolutionNode = FALSE
	EndGlobalSection
	GlobalSection(ProjectConfigurationPlatforms) = postSolution
		{4D262FA9-4BE5-4614-A1BC-A60F4784D2E6}.Debug|Any CPU.ActiveCfg = Debug|Any CPU
		{4D262FA9-4BE5-4614-A1BC-A60F4784D2E6}.Debug|Any CPU.Build.0 = Debug|Any CPU
		{4D262FA9-4BE5-4614-A1BC-A60F4784D2E6}.Release|Any CPU.ActiveCfg = Release|Any CPU
		{4D262FA9-4BE5-4614-A1BC-A60F4784D2E6}.Release|Any CPU.Build.0 = Release|Any CPU
		{130D428C-46D1-43FD-B63B-92F553DAE6BA}.Debug|Any CPU.ActiveCfg = Debug|Any CPU
		{130D428C-46D1-43FD-B63B-92F553DAE6BA}.Debug|Any CPU.Build.0 = Debug|Any CPU
		{130D428C-46D1-43FD-B63B-92F553DAE6BA}.Release|Any CPU.ActiveCfg = Release|Any CPU
		{130D428C-46D1-43FD-B63B-92F553DAE6BA}.Release|Any CPU.Build.0 = Release|Any CPU
	EndGlobalSection
EndGlobal
