
Microsoft Visual Studio Solution File, Format Version 12.00
# Visual Studio Version 17
VisualStudioVersion = 17.0.31903.59
MinimumVisualStudioVersion = 10.0.40219.1
Project("{FAE04EC0-301F-11D3-BF4B-00C04F79EFBC}") = "KafkaHelpers", "KafkaHelpers\KafkaHelpers.csproj", "{16D8D5A6-4BA8-47F0-AEFA-DADBB46ACC20}"
EndProject
Project("{FAE04EC0-301F-11D3-BF4B-00C04F79EFBC}") = "AppHelloWorld", "AppHelloWorld\AppHelloWorld.csproj", "{F9E2A567-35C7-4A27-AEE3-F2C6DA70AA28}"
EndProject
Project("{FAE04EC0-301F-11D3-BF4B-00C04F79EFBC}") = "AppConsumer", "AppConsumer\AppConsumer.csproj", "{A91E9478-B17C-4151-B083-EADDE058C70A}"
EndProject
Project("{FAE04EC0-301F-11D3-BF4B-00C04F79EFBC}") = "AppProducer", "AppProducer\AppProducer.csproj", "{7AA061AC-1066-4B1A-87E8-3DCBAE7CE182}"
EndProject
Project("{FAE04EC0-301F-11D3-BF4B-00C04F79EFBC}") = "AppFilter", "AppFilter\AppFilter.csproj", "{8DB8595C-6244-4444-950F-A54033AB8404}"
EndProject
Global
	GlobalSection(SolutionProperties) = preSolution
		HideSolutionNode = FALSE
	EndGlobalSection
	GlobalSection(SolutionConfigurationPlatforms) = preSolution
		Debug|Any CPU = Debug|Any CPU
		Debug|x64 = Debug|x64
		Debug|x86 = Debug|x86
		Release|Any CPU = Release|Any CPU
		Release|x64 = Release|x64
		Release|x86 = Release|x86
	EndGlobalSection
	GlobalSection(ProjectConfigurationPlatforms) = postSolution
		{16D8D5A6-4BA8-47F0-AEFA-DADBB46ACC20}.Debug|Any CPU.ActiveCfg = Debug|Any CPU
		{16D8D5A6-4BA8-47F0-AEFA-DADBB46ACC20}.Debug|Any CPU.Build.0 = Debug|Any CPU
		{16D8D5A6-4BA8-47F0-AEFA-DADBB46ACC20}.Debug|x64.ActiveCfg = Debug|Any CPU
		{16D8D5A6-4BA8-47F0-AEFA-DADBB46ACC20}.Debug|x64.Build.0 = Debug|Any CPU
		{16D8D5A6-4BA8-47F0-AEFA-DADBB46ACC20}.Debug|x86.ActiveCfg = Debug|Any CPU
		{16D8D5A6-4BA8-47F0-AEFA-DADBB46ACC20}.Debug|x86.Build.0 = Debug|Any CPU
		{16D8D5A6-4BA8-47F0-AEFA-DADBB46ACC20}.Release|Any CPU.ActiveCfg = Release|Any CPU
		{16D8D5A6-4BA8-47F0-AEFA-DADBB46ACC20}.Release|Any CPU.Build.0 = Release|Any CPU
		{16D8D5A6-4BA8-47F0-AEFA-DADBB46ACC20}.Release|x64.ActiveCfg = Release|Any CPU
		{16D8D5A6-4BA8-47F0-AEFA-DADBB46ACC20}.Release|x64.Build.0 = Release|Any CPU
		{16D8D5A6-4BA8-47F0-AEFA-DADBB46ACC20}.Release|x86.ActiveCfg = Release|Any CPU
		{16D8D5A6-4BA8-47F0-AEFA-DADBB46ACC20}.Release|x86.Build.0 = Release|Any CPU
		{F9E2A567-35C7-4A27-AEE3-F2C6DA70AA28}.Debug|Any CPU.ActiveCfg = Debug|Any CPU
		{F9E2A567-35C7-4A27-AEE3-F2C6DA70AA28}.Debug|Any CPU.Build.0 = Debug|Any CPU
		{F9E2A567-35C7-4A27-AEE3-F2C6DA70AA28}.Debug|x64.ActiveCfg = Debug|Any CPU
		{F9E2A567-35C7-4A27-AEE3-F2C6DA70AA28}.Debug|x64.Build.0 = Debug|Any CPU
		{F9E2A567-35C7-4A27-AEE3-F2C6DA70AA28}.Debug|x86.ActiveCfg = Debug|Any CPU
		{F9E2A567-35C7-4A27-AEE3-F2C6DA70AA28}.Debug|x86.Build.0 = Debug|Any CPU
		{F9E2A567-35C7-4A27-AEE3-F2C6DA70AA28}.Release|Any CPU.ActiveCfg = Release|Any CPU
		{F9E2A567-35C7-4A27-AEE3-F2C6DA70AA28}.Release|Any CPU.Build.0 = Release|Any CPU
		{F9E2A567-35C7-4A27-AEE3-F2C6DA70AA28}.Release|x64.ActiveCfg = Release|Any CPU
		{F9E2A567-35C7-4A27-AEE3-F2C6DA70AA28}.Release|x64.Build.0 = Release|Any CPU
		{F9E2A567-35C7-4A27-AEE3-F2C6DA70AA28}.Release|x86.ActiveCfg = Release|Any CPU
		{F9E2A567-35C7-4A27-AEE3-F2C6DA70AA28}.Release|x86.Build.0 = Release|Any CPU
		{A91E9478-B17C-4151-B083-EADDE058C70A}.Debug|Any CPU.ActiveCfg = Debug|Any CPU
		{A91E9478-B17C-4151-B083-EADDE058C70A}.Debug|Any CPU.Build.0 = Debug|Any CPU
		{A91E9478-B17C-4151-B083-EADDE058C70A}.Debug|x64.ActiveCfg = Debug|Any CPU
		{A91E9478-B17C-4151-B083-EADDE058C70A}.Debug|x64.Build.0 = Debug|Any CPU
		{A91E9478-B17C-4151-B083-EADDE058C70A}.Debug|x86.ActiveCfg = Debug|Any CPU
		{A91E9478-B17C-4151-B083-EADDE058C70A}.Debug|x86.Build.0 = Debug|Any CPU
		{A91E9478-B17C-4151-B083-EADDE058C70A}.Release|Any CPU.ActiveCfg = Release|Any CPU
		{A91E9478-B17C-4151-B083-EADDE058C70A}.Release|Any CPU.Build.0 = Release|Any CPU
		{A91E9478-B17C-4151-B083-EADDE058C70A}.Release|x64.ActiveCfg = Release|Any CPU
		{A91E9478-B17C-4151-B083-EADDE058C70A}.Release|x64.Build.0 = Release|Any CPU
		{A91E9478-B17C-4151-B083-EADDE058C70A}.Release|x86.ActiveCfg = Release|Any CPU
		{A91E9478-B17C-4151-B083-EADDE058C70A}.Release|x86.Build.0 = Release|Any CPU
		{7AA061AC-1066-4B1A-87E8-3DCBAE7CE182}.Debug|Any CPU.ActiveCfg = Debug|Any CPU
		{7AA061AC-1066-4B1A-87E8-3DCBAE7CE182}.Debug|Any CPU.Build.0 = Debug|Any CPU
		{7AA061AC-1066-4B1A-87E8-3DCBAE7CE182}.Debug|x64.ActiveCfg = Debug|Any CPU
		{7AA061AC-1066-4B1A-87E8-3DCBAE7CE182}.Debug|x64.Build.0 = Debug|Any CPU
		{7AA061AC-1066-4B1A-87E8-3DCBAE7CE182}.Debug|x86.ActiveCfg = Debug|Any CPU
		{7AA061AC-1066-4B1A-87E8-3DCBAE7CE182}.Debug|x86.Build.0 = Debug|Any CPU
		{7AA061AC-1066-4B1A-87E8-3DCBAE7CE182}.Release|Any CPU.ActiveCfg = Release|Any CPU
		{7AA061AC-1066-4B1A-87E8-3DCBAE7CE182}.Release|Any CPU.Build.0 = Release|Any CPU
		{7AA061AC-1066-4B1A-87E8-3DCBAE7CE182}.Release|x64.ActiveCfg = Release|Any CPU
		{7AA061AC-1066-4B1A-87E8-3DCBAE7CE182}.Release|x64.Build.0 = Release|Any CPU
		{7AA061AC-1066-4B1A-87E8-3DCBAE7CE182}.Release|x86.ActiveCfg = Release|Any CPU
		{7AA061AC-1066-4B1A-87E8-3DCBAE7CE182}.Release|x86.Build.0 = Release|Any CPU
		{8DB8595C-6244-4444-950F-A54033AB8404}.Debug|Any CPU.ActiveCfg = Debug|Any CPU
		{8DB8595C-6244-4444-950F-A54033AB8404}.Debug|Any CPU.Build.0 = Debug|Any CPU
		{8DB8595C-6244-4444-950F-A54033AB8404}.Debug|x64.ActiveCfg = Debug|Any CPU
		{8DB8595C-6244-4444-950F-A54033AB8404}.Debug|x64.Build.0 = Debug|Any CPU
		{8DB8595C-6244-4444-950F-A54033AB8404}.Debug|x86.ActiveCfg = Debug|Any CPU
		{8DB8595C-6244-4444-950F-A54033AB8404}.Debug|x86.Build.0 = Debug|Any CPU
		{8DB8595C-6244-4444-950F-A54033AB8404}.Release|Any CPU.ActiveCfg = Release|Any CPU
		{8DB8595C-6244-4444-950F-A54033AB8404}.Release|Any CPU.Build.0 = Release|Any CPU
		{8DB8595C-6244-4444-950F-A54033AB8404}.Release|x64.ActiveCfg = Release|Any CPU
		{8DB8595C-6244-4444-950F-A54033AB8404}.Release|x64.Build.0 = Release|Any CPU
		{8DB8595C-6244-4444-950F-A54033AB8404}.Release|x86.ActiveCfg = Release|Any CPU
		{8DB8595C-6244-4444-950F-A54033AB8404}.Release|x86.Build.0 = Release|Any CPU
	EndGlobalSection
EndGlobal
