
Microsoft Visual Studio Solution File, Format Version 12.00
# Visual Studio Version 17
VisualStudioVersion = 17.0.31903.59
MinimumVisualStudioVersion = 10.0.40219.1
Project("{FAE04EC0-301F-11D3-BF4B-00C04F79EFBC}") = "AppConsumer", "AppConsumer\AppConsumer.csproj", "{1AFCDC31-442A-4BF4-8C14-F19DA01A877B}"
EndProject
Project("{FAE04EC0-301F-11D3-BF4B-00C04F79EFBC}") = "AppProducer", "AppProducer\AppProducer.csproj", "{F2CDDB70-E1B9-4E2F-BEA4-EBA5D0770FD4}"
EndProject
Project("{FAE04EC0-301F-11D3-BF4B-00C04F79EFBC}") = "Helpers", "Helpers\Helpers.csproj", "{52184521-E533-4112-88A4-0F64CED9DFB5}"
EndProject
Global
	GlobalSection(SolutionConfigurationPlatforms) = preSolution
		Debug|Any CPU = Debug|Any CPU
		Release|Any CPU = Release|Any CPU
	EndGlobalSection
	GlobalSection(SolutionProperties) = preSolution
		HideSolutionNode = FALSE
	EndGlobalSection
	GlobalSection(ProjectConfigurationPlatforms) = postSolution
		{1AFCDC31-442A-4BF4-8C14-F19DA01A877B}.Debug|Any CPU.ActiveCfg = Debug|Any CPU
		{1AFCDC31-442A-4BF4-8C14-F19DA01A877B}.Debug|Any CPU.Build.0 = Debug|Any CPU
		{1AFCDC31-442A-4BF4-8C14-F19DA01A877B}.Release|Any CPU.ActiveCfg = Release|Any CPU
		{1AFCDC31-442A-4BF4-8C14-F19DA01A877B}.Release|Any CPU.Build.0 = Release|Any CPU
		{F2CDDB70-E1B9-4E2F-BEA4-EBA5D0770FD4}.Debug|Any CPU.ActiveCfg = Debug|Any CPU
		{F2CDDB70-E1B9-4E2F-BEA4-EBA5D0770FD4}.Debug|Any CPU.Build.0 = Debug|Any CPU
		{F2CDDB70-E1B9-4E2F-BEA4-EBA5D0770FD4}.Release|Any CPU.ActiveCfg = Release|Any CPU
		{F2CDDB70-E1B9-4E2F-BEA4-EBA5D0770FD4}.Release|Any CPU.Build.0 = Release|Any CPU
		{52184521-E533-4112-88A4-0F64CED9DFB5}.Debug|Any CPU.ActiveCfg = Debug|Any CPU
		{52184521-E533-4112-88A4-0F64CED9DFB5}.Debug|Any CPU.Build.0 = Debug|Any CPU
		{52184521-E533-4112-88A4-0F64CED9DFB5}.Release|Any CPU.ActiveCfg = Release|Any CPU
		{52184521-E533-4112-88A4-0F64CED9DFB5}.Release|Any CPU.Build.0 = Release|Any CPU
	EndGlobalSection
EndGlobal
