
Microsoft Visual Studio Solution File, Format Version 12.00
# Visual Studio Version 17
VisualStudioVersion = 17.0.31903.59
MinimumVisualStudioVersion = 10.0.40219.1
Project("{FAE04EC0-301F-11D3-BF4B-00C04F79EFBC}") = "App1", "App1\App1.csproj", "{652F3B06-0A4A-45A8-A585-F7F2CAE709EF}"
EndProject
Global
	GlobalSection(SolutionConfigurationPlatforms) = preSolution
		Debug|Any CPU = Debug|Any CPU
		Release|Any CPU = Release|Any CPU
	EndGlobalSection
	GlobalSection(SolutionProperties) = preSolution
		HideSolutionNode = FALSE
	EndGlobalSection
	GlobalSection(ProjectConfigurationPlatforms) = postSolution
		{652F3B06-0A4A-45A8-A585-F7F2CAE709EF}.Debug|Any CPU.ActiveCfg = Debug|Any CPU
		{652F3B06-0A4A-45A8-A585-F7F2CAE709EF}.Debug|Any CPU.Build.0 = Debug|Any CPU
		{652F3B06-0A4A-45A8-A585-F7F2CAE709EF}.Release|Any CPU.ActiveCfg = Release|Any CPU
		{652F3B06-0A4A-45A8-A585-F7F2CAE709EF}.Release|Any CPU.Build.0 = Release|Any CPU
	EndGlobalSection
EndGlobal
